{
  "name": "playground",
  "lockfileVersion": 3,
  "requires": true,
  "packages": {
    "": {
      "name": "playground",
      "devDependencies": {
        "@types/node": "^24.10.0",
        "typescript": "^5.9.3"
      }
    },
    "..": {
      "version": "0.1.0",
      "extraneous": true,
      "license": "MIT",
      "devDependencies": {
        "@rollup/plugin-commonjs": "^25.0.0",
        "@rollup/plugin-node-resolve": "^15.2.1",
        "@rollup/plugin-terser": "^0.4.4",
        "@rollup/plugin-typescript": "^11.1.0",
        "chokidar": "^4.0.3",
        "rimraf": "^6.1.0",
        "rollup": "^4.52.4",
        "rollup-plugin-copy": "^3.5.0",
        "rollup-plugin-dts": "^6.2.3",
        "rollup-plugin-typescript2": "^0.36.0",
        "typescript": "^5.9.3"
      }
    },
    "node_modules/@types/node": {
      "version": "24.10.0",
      "dev": true,
      "license": "MIT",
      "dependencies": {
        "undici-types": "~7.16.0"
      }
    },
    "node_modules/typescript": {
      "version": "5.9.3",
      "dev": true,
      "license": "Apache-2.0",
      "bin": {
        "tsc": "bin/tsc",
        "tsserver": "bin/tsserver"
      },
      "engines": {
        "node": ">=14.17"
      }
    },
    "node_modules/undici-types": {
      "version": "7.16.0",
      "dev": true,
      "license": "MIT"
    }
  }
}
